
Microsoft Visual Studio Solution File, Format Version 12.00
# Visual Studio Version 17
VisualStudioVersion = 17.7.34221.43
MinimumVisualStudioVersion = 10.0.40219.1
Project("{FAE04EC0-301F-11D3-BF4B-00C04F79EFBC}") = "WebApplication1", "WebApplication1\WebApplication1.csproj", "{8F51CC19-DA47-4E7B-AB67-CD785B4364D1}"
EndProject
Global
	GlobalSection(SolutionConfigurationPlatforms) = preSolution
		Debug|Any CPU = Debug|Any CPU
		Release|Any CPU = Release|Any CPU
	EndGlobalSection
	GlobalSection(ProjectConfigurationPlatforms) = postSolution
		{8F51CC19-DA47-4E7B-AB67-CD785B4364D1}.Debug|Any CPU.ActiveCfg = Debug|Any CPU
		{8F51CC19-DA47-4E7B-AB67-CD785B4364D1}.Debug|Any CPU.Build.0 = Debug|Any CPU
		{8F51CC19-DA47-4E7B-AB67-CD785B4364D1}.Release|Any CPU.ActiveCfg = Release|Any CPU
		{8F51CC19-DA47-4E7B-AB67-CD785B4364D1}.Release|Any CPU.Build.0 = Release|Any CPU
	EndGlobalSection
	GlobalSection(SolutionProperties) = preSolution
		HideSolutionNode = FALSE
	EndGlobalSection
	GlobalSection(ExtensibilityGlobals) = postSolution
		SolutionGuid = {C61D3719-F8D9-4625-84E0-F6A4EF372C27}
	EndGlobalSection
EndGlobal
