
Microsoft Visual Studio Solution File, Format Version 12.00
# Visual Studio Version 17
VisualStudioVersion = 17.7.34221.43
MinimumVisualStudioVersion = 10.0.40219.1
Project("{FAE04EC0-301F-11D3-BF4B-00C04F79EFBC}") = "CRUDApplication", "CRUDApplication\CRUDApplication.csproj", "{A80E314E-685D-4316-8138-9DB44B5965A5}"
EndProject
Global
	GlobalSection(SolutionConfigurationPlatforms) = preSolution
		Debug|Any CPU = Debug|Any CPU
		Release|Any CPU = Release|Any CPU
	EndGlobalSection
	GlobalSection(ProjectConfigurationPlatforms) = postSolution
		{A80E314E-685D-4316-8138-9DB44B5965A5}.Debug|Any CPU.ActiveCfg = Debug|Any CPU
		{A80E314E-685D-4316-8138-9DB44B5965A5}.Debug|Any CPU.Build.0 = Debug|Any CPU
		{A80E314E-685D-4316-8138-9DB44B5965A5}.Release|Any CPU.ActiveCfg = Release|Any CPU
		{A80E314E-685D-4316-8138-9DB44B5965A5}.Release|Any CPU.Build.0 = Release|Any CPU
	EndGlobalSection
	GlobalSection(SolutionProperties) = preSolution
		HideSolutionNode = FALSE
	EndGlobalSection
	GlobalSection(ExtensibilityGlobals) = postSolution
		SolutionGuid = {A9F9F8E3-DD1C-4079-92A2-D539B22CE651}
	EndGlobalSection
EndGlobal
